{
  "name": "SMKN6-Kelompok5-Absensi",
  "lockfileVersion": 2,
  "requires": true,
  "packages": {
    "": {
      "dependencies": {
        "sweetalert2": "^11.7.10"
      }
    },
    "node_modules/sweetalert2": {
      "version": "11.7.10",
      "resolved": "https://registry.npmjs.org/sweetalert2/-/sweetalert2-11.7.10.tgz",
      "integrity": "sha512-SgnO8VF7omM78doFxIAiEyhNBEudVTpYpYXJB9/yftvKD+UlWRaAkLMGD4kvAsgiwwph4SUFlNjiAbB5cUS8/g==",
      "funding": {
        "type": "individual",
        "url": "https://github.com/sponsors/limonte"
      }
    }
  },
  "dependencies": {
    "sweetalert2": {
      "version": "11.7.10",
      "resolved": "https://registry.npmjs.org/sweetalert2/-/sweetalert2-11.7.10.tgz",
      "integrity": "sha512-SgnO8VF7omM78doFxIAiEyhNBEudVTpYpYXJB9/yftvKD+UlWRaAkLMGD4kvAsgiwwph4SUFlNjiAbB5cUS8/g=="
    }
  }
}
